
Microsoft Visual Studio Solution File, Format Version 12.00
# Visual Studio Version 17
VisualStudioVersion = 17.13.35931.197 d17.13
MinimumVisualStudioVersion = 10.0.40219.1
Project("{8BC9CEB8-8B4A-11D0-8D11-00A0C91BC942}") = "WhileLoop", "WhileLoop\WhileLoop.vcxproj", "{08F885D3-C1E2-4BFF-BB2A-D9DC021E08DD}"
EndProject
Global
	GlobalSection(SolutionConfigurationPlatforms) = preSolution
		Debug|x64 = Debug|x64
		Debug|x86 = Debug|x86
		Release|x64 = Release|x64
		Release|x86 = Release|x86
	EndGlobalSection
	GlobalSection(ProjectConfigurationPlatforms) = postSolution
		{08F885D3-C1E2-4BFF-BB2A-D9DC021E08DD}.Debug|x64.ActiveCfg = Debug|x64
		{08F885D3-C1E2-4BFF-BB2A-D9DC021E08DD}.Debug|x64.Build.0 = Debug|x64
		{08F885D3-C1E2-4BFF-BB2A-D9DC021E08DD}.Debug|x86.ActiveCfg = Debug|Win32
		{08F885D3-C1E2-4BFF-BB2A-D9DC021E08DD}.Debug|x86.Build.0 = Debug|Win32
		{08F885D3-C1E2-4BFF-BB2A-D9DC021E08DD}.Release|x64.ActiveCfg = Release|x64
		{08F885D3-C1E2-4BFF-BB2A-D9DC021E08DD}.Release|x64.Build.0 = Release|x64
		{08F885D3-C1E2-4BFF-BB2A-D9DC021E08DD}.Release|x86.ActiveCfg = Release|Win32
		{08F885D3-C1E2-4BFF-BB2A-D9DC021E08DD}.Release|x86.Build.0 = Release|Win32
	EndGlobalSection
	GlobalSection(SolutionProperties) = preSolution
		HideSolutionNode = FALSE
	EndGlobalSection
	GlobalSection(ExtensibilityGlobals) = postSolution
		SolutionGuid = {F3E8F881-8C8B-4129-A955-E1542D89BA77}
	EndGlobalSection
EndGlobal
